Microsoft Visual Studio Solution File, Format Version 12.00
# Visual Studio Version 17
VisualStudioVersion = 17.0.31611.283
MinimumVisualStudioVersion = 10.0.40219.1
Project("{9A19103F-16F7-4668-BE54-9A1E7A4F7556}") = "MAUI_OBJECTSOCIAL", "MAUI_OBJECTSOCIAL\MAUI_OBJECTSOCIAL.csproj", "{A9967EAC-6606-4CCE-97E5-0C9E067CCD4A}"
EndProject
Project("{9A19103F-16F7-4668-BE54-9A1E7A4F7556}") = "MAUI_MemoryClaims", "MAUI_MemoryClaims\MAUI_MemoryClaims.csproj", "{D3B8DFFA-01D4-463D-B548-C87A2446C03A}"
EndProject
Project("{9A19103F-16F7-4668-BE54-9A1E7A4F7556}") = "Website_OBJECTSOCIAL.Server", "Website_OBJECTSOCIAL\Server\Website_OBJECTSOCIAL.Server.csproj", "{94538643-9126-4CF4-A476-C742B12CA653}"
EndProject
Project("{9A19103F-16F7-4668-BE54-9A1E7A4F7556}") = "Website_OBJECTSOCIAL.Client", "Website_OBJECTSOCIAL\Client\Website_OBJECTSOCIAL.Client.csproj", "{5B937906-8731-48E1-A725-703C934F3B0B}"
EndProject
Project("{9A19103F-16F7-4668-BE54-9A1E7A4F7556}") = "Website_MemoryClaims.Server", "Website_MemoryClaims\Server\Website_MemoryClaims.Server.csproj", "{E1E7F830-5175-4151-9470-E8774F3DC6E8}"
EndProject
Project("{9A19103F-16F7-4668-BE54-9A1E7A4F7556}") = "Website_MemoryClaims.Client", "Website_MemoryClaims\Client\Website_MemoryClaims.Client.csproj", "{54A0B722-89DA-4A33-A825-64203ED92D90}"
EndProject
Project("{9A19103F-16F7-4668-BE54-9A1E7A4F7556}") = "Wesbite_BadClaims.Server", "Wesbite_BadClaims\Server\Wesbite_BadClaims.Server.csproj", "{4E88FB89-D3AF-44AE-8C52-EB20B39AF7C8}"
EndProject
Project("{9A19103F-16F7-4668-BE54-9A1E7A4F7556}") = "Wesbite_BadClaims.Client", "Wesbite_BadClaims\Client\Wesbite_BadClaims.Client.csproj", "{5A7EEB46-FACA-4D14-876C-7771B9E3D05E}"
EndProject
Project("{9A19103F-16F7-4668-BE54-9A1E7A4F7556}") = "Website_GoodClaims.Server", "Website_GoodClaims\Server\Website_GoodClaims.Server.csproj", "{DDA74E41-83FF-43BE-AE96-D5CFA23BA1ED}"
EndProject
Project("{9A19103F-16F7-4668-BE54-9A1E7A4F7556}") = "Website_GoodClaims.Client", "Website_GoodClaims\Client\Website_GoodClaims.Client.csproj", "{986CF04E-CDAD-41A3-8122-11E446207D67}"
EndProject
Project("{9A19103F-16F7-4668-BE54-9A1E7A4F7556}") = "Website_ForwardOBJECTSOCIAL.Server", "Website_ForwardOBJECTSOCIAL\Server\Website_ForwardOBJECTSOCIAL.Server.csproj", "{315BE5F5-C132-44B9-90A0-39F2E3A982E1}"
EndProject
Project("{9A19103F-16F7-4668-BE54-9A1E7A4F7556}") = "Website_ForwardOBJECTSOCIAL.Client", "Website_ForwardOBJECTSOCIAL\Client\Website_ForwardOBJECTSOCIAL.Client.csproj", "{A4F113C7-21F9-4421-ADD2-D9A01416307B}"
EndProject
Project("{2150E333-8FDC-42A3-9474-1A3956D46DE8}") = "Project", "Project", "{657F29F4-DB1E-4D2B-A2FF-0D1005F06BC4}"
EndProject
Project("{9A19103F-16F7-4668-BE54-9A1E7A4F7556}") = "SharedLayout", "SharedLayout\SharedLayout.csproj", "{72204224-B103-4BD5-9AFC-9C1E005A5187}"
EndProject
Project("{9A19103F-16F7-4668-BE54-9A1E7A4F7556}") = "Website_Favicon", "Website_Favicon\Website_Favicon.csproj", "{B238208A-24B0-4959-A91E-8537B42D4A34}"
EndProject
Project("{9A19103F-16F7-4668-BE54-9A1E7A4F7556}") = "UI_Product_Logo", "UI_Product_Logo\UI_Product_Logo.csproj", "{60D6C073-6451-4736-9474-A2B6090821E1}"
EndProject
Project("{9A19103F-16F7-4668-BE54-9A1E7A4F7556}") = "Product", "Product\Product.csproj", "{9368D941-CA00-498F-8034-7D5ACA7C27D7}"
EndProject
Project("{9A19103F-16F7-4668-BE54-9A1E7A4F7556}") = "UI_BrowserSupport", "UI_BrowserSupport\UI_BrowserSupport.csproj", "{2DE2C334-E5B9-40C9-8D25-63F03DDDDFF9}"
EndProject
Project("{9A19103F-16F7-4668-BE54-9A1E7A4F7556}") = "Unit", "Unit\Unit.csproj", "{81D7C6A4-5A2A-4C6A-B1B6-13A41CF21056}"
EndProject
Project("{9A19103F-16F7-4668-BE54-9A1E7A4F7556}") = "Website_Unit", "Website_Unit\Website_Unit.csproj", "{E6064997-FD90-40CA-A5BE-53CE01E64112}"
EndProject
Project("{9A19103F-16F7-4668-BE54-9A1E7A4F7556}") = "MAUI_Unit", "MAUI_Unit\MAUI_Unit.csproj", "{485A16B4-5FDD-4829-9F87-CEE9550E613E}"
EndProject
Project("{9A19103F-16F7-4668-BE54-9A1E7A4F7556}") = "Progress", "Progress\Progress.csproj", "{B71802F0-D1E4-4E59-BC97-C55314A4CC0A}"
EndProject
Project("{9A19103F-16F7-4668-BE54-9A1E7A4F7556}") = "UI_Progress", "UI_Progress\UI_Progress.csproj", "{4322E0AF-A1F7-46CF-8452-DD3C0DEF598A}"
EndProject
Project("{9A19103F-16F7-4668-BE54-9A1E7A4F7556}") = "UI_ApplicationSupport", "UI_ApplicationSupport\UI_ApplicationSupport.csproj", "{D692CF4C-DA43-40BF-93D5-A23EB6BC4192}"
EndProject
Project("{9A19103F-16F7-4668-BE54-9A1E7A4F7556}") = "UI_No_Internet", "UI_No_Internet\UI_No_Internet.csproj", "{50FBD049-96A2-46F4-BD28-22909800E5FB}"
EndProject
Project("{9A19103F-16F7-4668-BE54-9A1E7A4F7556}") = "PingPong", "PingPong\PingPong.csproj", "{EF54FF15-83F8-446C-A002-D3984A67E729}"
EndProject
Project("{9A19103F-16F7-4668-BE54-9A1E7A4F7556}") = "PongPing", "PongPing\PongPing.csproj", "{62652E5D-BFC8-427D-B639-C6702A608028}"
EndProject
Project("{9A19103F-16F7-4668-BE54-9A1E7A4F7556}") = "ServerStorages", "ServerStorages\ServerStorages.csproj", "{D2DC645E-BFC5-4B19-A8C3-95B9258A91DE}"
EndProject
Project("{2150E333-8FDC-42A3-9474-1A3956D46DE8}") = "Software UI", "Software UI", "{01ED77AC-CFFA-4293-B5D8-8A87C3578FE1}"
EndProject
Project("{2150E333-8FDC-42A3-9474-1A3956D46DE8}") = "Software background", "Software background", "{21806DFE-A404-45F4-B1EA-B7F191CFBEA2}"
EndProject
Project("{2150E333-8FDC-42A3-9474-1A3956D46DE8}") = "Server background", "Server background", "{A581BE97-4F92-44ED-A163-7E17DE58DE70}"
EndProject
Project("{00D1A9C2-B5F0-4AF3-8072-F6C62B433612}") = "DatabasePongPingUniformResource", "DatabasePongPingUniformResource\DatabasePongPingUniformResource.sqlproj", "{DEFB12BA-8D5D-422D-B938-58334F219385}"
EndProject
Project("{2150E333-8FDC-42A3-9474-1A3956D46DE8}") = "Database tabels", "Database tabels", "{C2DC2FA4-E297-4109-B774-6972B2F332B9}"
EndProject
Project("{FAE04EC0-301F-11D3-BF4B-00C04F79EFBC}") = "ProgramData", "ProgramData\ProgramData.csproj", "{B7A7971E-C292-4522-9BCA-FBC84544F92E}"
EndProject
Project("{2150E333-8FDC-42A3-9474-1A3956D46DE8}") = "Standard internal", "Standard internal", "{95F6DD73-D6BD-48D2-874E-3C1F525133DB}"
EndProject
Project("{FAE04EC0-301F-11D3-BF4B-00C04F79EFBC}") = "StandardInternal", "StandardInternal\StandardInternal.csproj", "{F43841CF-B5B6-4A71-826A-79C0B29B6968}"
EndProject
Project("{FAE04EC0-301F-11D3-BF4B-00C04F79EFBC}") = "UnitIdentification", "UnitIdentification\UnitIdentification.csproj", "{B0CA7334-D45A-429F-A023-47F3244AD77E}"
EndProject
Project("{FAE04EC0-301F-11D3-BF4B-00C04F79EFBC}") = "MAUI_UnitIdentification", "MAUI_UnitIdentification\MAUI_UnitIdentification.csproj", "{EA6C26CB-512D-4057-A903-1B6DE259A9B6}"
EndProject
Project("{FAE04EC0-301F-11D3-BF4B-00C04F79EFBC}") = "Website_UnitIdentification", "Website_UnitIdentification\Website_UnitIdentification.csproj", "{7F479918-1080-4611-B87F-0E175DCF9D7F}"
EndProject
Project("{FAE04EC0-301F-11D3-BF4B-00C04F79EFBC}") = "WebsiteBehind", "WebsiteBehind\WebsiteBehind.csproj", "{E16D9CBA-EADB-4238-836B-E1E8D3D1E060}"
EndProject
Project("{FAE04EC0-301F-11D3-BF4B-00C04F79EFBC}") = "PongPingUnits", "PongPingUnits\PongPingUnits.csproj", "{1D332F55-6CF9-4BCF-B7FD-BDE40C74724C}"
EndProject
Global
	GlobalSection(SolutionConfigurationPlatforms) = preSolution
		Debug|Any CPU = Debug|Any CPU
		Release|Any CPU = Release|Any CPU
	EndGlobalSection
	GlobalSection(ProjectConfigurationPlatforms) = postSolution
		{A9967EAC-6606-4CCE-97E5-0C9E067CCD4A}.Debug|Any CPU.ActiveCfg = Debug|Any CPU
		{A9967EAC-6606-4CCE-97E5-0C9E067CCD4A}.Debug|Any CPU.Build.0 = Debug|Any CPU
		{A9967EAC-6606-4CCE-97E5-0C9E067CCD4A}.Debug|Any CPU.Deploy.0 = Debug|Any CPU
		{A9967EAC-6606-4CCE-97E5-0C9E067CCD4A}.Release|Any CPU.ActiveCfg = Release|Any CPU
		{A9967EAC-6606-4CCE-97E5-0C9E067CCD4A}.Release|Any CPU.Build.0 = Release|Any CPU
		{A9967EAC-6606-4CCE-97E5-0C9E067CCD4A}.Release|Any CPU.Deploy.0 = Release|Any CPU
		{D3B8DFFA-01D4-463D-B548-C87A2446C03A}.Debug|Any CPU.ActiveCfg = Debug|Any CPU
		{D3B8DFFA-01D4-463D-B548-C87A2446C03A}.Debug|Any CPU.Build.0 = Debug|Any CPU
		{D3B8DFFA-01D4-463D-B548-C87A2446C03A}.Debug|Any CPU.Deploy.0 = Debug|Any CPU
		{D3B8DFFA-01D4-463D-B548-C87A2446C03A}.Release|Any CPU.ActiveCfg = Release|Any CPU
		{D3B8DFFA-01D4-463D-B548-C87A2446C03A}.Release|Any CPU.Build.0 = Release|Any CPU
		{D3B8DFFA-01D4-463D-B548-C87A2446C03A}.Release|Any CPU.Deploy.0 = Release|Any CPU
		{94538643-9126-4CF4-A476-C742B12CA653}.Debug|Any CPU.ActiveCfg = Debug|Any CPU
		{94538643-9126-4CF4-A476-C742B12CA653}.Debug|Any CPU.Build.0 = Debug|Any CPU
		{94538643-9126-4CF4-A476-C742B12CA653}.Release|Any CPU.ActiveCfg = Release|Any CPU
		{94538643-9126-4CF4-A476-C742B12CA653}.Release|Any CPU.Build.0 = Release|Any CPU
		{5B937906-8731-48E1-A725-703C934F3B0B}.Debug|Any CPU.ActiveCfg = Debug|Any CPU
		{5B937906-8731-48E1-A725-703C934F3B0B}.Debug|Any CPU.Build.0 = Debug|Any CPU
		{5B937906-8731-48E1-A725-703C934F3B0B}.Release|Any CPU.ActiveCfg = Release|Any CPU
		{5B937906-8731-48E1-A725-703C934F3B0B}.Release|Any CPU.Build.0 = Release|Any CPU
		{E1E7F830-5175-4151-9470-E8774F3DC6E8}.Debug|Any CPU.ActiveCfg = Debug|Any CPU
		{E1E7F830-5175-4151-9470-E8774F3DC6E8}.Debug|Any CPU.Build.0 = Debug|Any CPU
		{E1E7F830-5175-4151-9470-E8774F3DC6E8}.Release|Any CPU.ActiveCfg = Release|Any CPU
		{E1E7F830-5175-4151-9470-E8774F3DC6E8}.Release|Any CPU.Build.0 = Release|Any CPU
		{54A0B722-89DA-4A33-A825-64203ED92D90}.Debug|Any CPU.ActiveCfg = Debug|Any CPU
		{54A0B722-89DA-4A33-A825-64203ED92D90}.Debug|Any CPU.Build.0 = Debug|Any CPU
		{54A0B722-89DA-4A33-A825-64203ED92D90}.Release|Any CPU.ActiveCfg = Release|Any CPU
		{54A0B722-89DA-4A33-A825-64203ED92D90}.Release|Any CPU.Build.0 = Release|Any CPU
		{4E88FB89-D3AF-44AE-8C52-EB20B39AF7C8}.Debug|Any CPU.ActiveCfg = Debug|Any CPU
		{4E88FB89-D3AF-44AE-8C52-EB20B39AF7C8}.Debug|Any CPU.Build.0 = Debug|Any CPU
		{4E88FB89-D3AF-44AE-8C52-EB20B39AF7C8}.Release|Any CPU.ActiveCfg = Release|Any CPU
		{4E88FB89-D3AF-44AE-8C52-EB20B39AF7C8}.Release|Any CPU.Build.0 = Release|Any CPU
		{5A7EEB46-FACA-4D14-876C-7771B9E3D05E}.Debug|Any CPU.ActiveCfg = Debug|Any CPU
		{5A7EEB46-FACA-4D14-876C-7771B9E3D05E}.Debug|Any CPU.Build.0 = Debug|Any CPU
		{5A7EEB46-FACA-4D14-876C-7771B9E3D05E}.Release|Any CPU.ActiveCfg = Release|Any CPU
		{5A7EEB46-FACA-4D14-876C-7771B9E3D05E}.Release|Any CPU.Build.0 = Release|Any CPU
		{DDA74E41-83FF-43BE-AE96-D5CFA23BA1ED}.Debug|Any CPU.ActiveCfg = Debug|Any CPU
		{DDA74E41-83FF-43BE-AE96-D5CFA23BA1ED}.Debug|Any CPU.Build.0 = Debug|Any CPU
		{DDA74E41-83FF-43BE-AE96-D5CFA23BA1ED}.Release|Any CPU.ActiveCfg = Release|Any CPU
		{DDA74E41-83FF-43BE-AE96-D5CFA23BA1ED}.Release|Any CPU.Build.0 = Release|Any CPU
		{986CF04E-CDAD-41A3-8122-11E446207D67}.Debug|Any CPU.ActiveCfg = Debug|Any CPU
		{986CF04E-CDAD-41A3-8122-11E446207D67}.Debug|Any CPU.Build.0 = Debug|Any CPU
		{986CF04E-CDAD-41A3-8122-11E446207D67}.Release|Any CPU.ActiveCfg = Release|Any CPU
		{986CF04E-CDAD-41A3-8122-11E446207D67}.Release|Any CPU.Build.0 = Release|Any CPU
		{315BE5F5-C132-44B9-90A0-39F2E3A982E1}.Debug|Any CPU.ActiveCfg = Debug|Any CPU
		{315BE5F5-C132-44B9-90A0-39F2E3A982E1}.Debug|Any CPU.Build.0 = Debug|Any CPU
		{315BE5F5-C132-44B9-90A0-39F2E3A982E1}.Release|Any CPU.ActiveCfg = Release|Any CPU
		{315BE5F5-C132-44B9-90A0-39F2E3A982E1}.Release|Any CPU.Build.0 = Release|Any CPU
		{A4F113C7-21F9-4421-ADD2-D9A01416307B}.Debug|Any CPU.ActiveCfg = Debug|Any CPU
		{A4F113C7-21F9-4421-ADD2-D9A01416307B}.Debug|Any CPU.Build.0 = Debug|Any CPU
		{A4F113C7-21F9-4421-ADD2-D9A01416307B}.Release|Any CPU.ActiveCfg = Release|Any CPU
		{A4F113C7-21F9-4421-ADD2-D9A01416307B}.Release|Any CPU.Build.0 = Release|Any CPU
		{72204224-B103-4BD5-9AFC-9C1E005A5187}.Debug|Any CPU.ActiveCfg = Debug|Any CPU
		{72204224-B103-4BD5-9AFC-9C1E005A5187}.Debug|Any CPU.Build.0 = Debug|Any CPU
		{72204224-B103-4BD5-9AFC-9C1E005A5187}.Release|Any CPU.ActiveCfg = Release|Any CPU
		{72204224-B103-4BD5-9AFC-9C1E005A5187}.Release|Any CPU.Build.0 = Release|Any CPU
		{B238208A-24B0-4959-A91E-8537B42D4A34}.Debug|Any CPU.ActiveCfg = Debug|Any CPU
		{B238208A-24B0-4959-A91E-8537B42D4A34}.Debug|Any CPU.Build.0 = Debug|Any CPU
		{B238208A-24B0-4959-A91E-8537B42D4A34}.Release|Any CPU.ActiveCfg = Release|Any CPU
		{B238208A-24B0-4959-A91E-8537B42D4A34}.Release|Any CPU.Build.0 = Release|Any CPU
		{60D6C073-6451-4736-9474-A2B6090821E1}.Debug|Any CPU.ActiveCfg = Debug|Any CPU
		{60D6C073-6451-4736-9474-A2B6090821E1}.Debug|Any CPU.Build.0 = Debug|Any CPU
		{60D6C073-6451-4736-9474-A2B6090821E1}.Release|Any CPU.ActiveCfg = Release|Any CPU
		{60D6C073-6451-4736-9474-A2B6090821E1}.Release|Any CPU.Build.0 = Release|Any CPU
		{9368D941-CA00-498F-8034-7D5ACA7C27D7}.Debug|Any CPU.ActiveCfg = Debug|Any CPU
		{9368D941-CA00-498F-8034-7D5ACA7C27D7}.Debug|Any CPU.Build.0 = Debug|Any CPU
		{9368D941-CA00-498F-8034-7D5ACA7C27D7}.Release|Any CPU.ActiveCfg = Release|Any CPU
		{9368D941-CA00-498F-8034-7D5ACA7C27D7}.Release|Any CPU.Build.0 = Release|Any CPU
		{2DE2C334-E5B9-40C9-8D25-63F03DDDDFF9}.Debug|Any CPU.ActiveCfg = Debug|Any CPU
		{2DE2C334-E5B9-40C9-8D25-63F03DDDDFF9}.Debug|Any CPU.Build.0 = Debug|Any CPU
		{2DE2C334-E5B9-40C9-8D25-63F03DDDDFF9}.Release|Any CPU.ActiveCfg = Release|Any CPU
		{2DE2C334-E5B9-40C9-8D25-63F03DDDDFF9}.Release|Any CPU.Build.0 = Release|Any CPU
		{81D7C6A4-5A2A-4C6A-B1B6-13A41CF21056}.Debug|Any CPU.ActiveCfg = Debug|Any CPU
		{81D7C6A4-5A2A-4C6A-B1B6-13A41CF21056}.Debug|Any CPU.Build.0 = Debug|Any CPU
		{81D7C6A4-5A2A-4C6A-B1B6-13A41CF21056}.Release|Any CPU.ActiveCfg = Release|Any CPU
		{81D7C6A4-5A2A-4C6A-B1B6-13A41CF21056}.Release|Any CPU.Build.0 = Release|Any CPU
		{E6064997-FD90-40CA-A5BE-53CE01E64112}.Debug|Any CPU.ActiveCfg = Debug|Any CPU
		{E6064997-FD90-40CA-A5BE-53CE01E64112}.Debug|Any CPU.Build.0 = Debug|Any CPU
		{E6064997-FD90-40CA-A5BE-53CE01E64112}.Release|Any CPU.ActiveCfg = Release|Any CPU
		{E6064997-FD90-40CA-A5BE-53CE01E64112}.Release|Any CPU.Build.0 = Release|Any CPU
		{485A16B4-5FDD-4829-9F87-CEE9550E613E}.Debug|Any CPU.ActiveCfg = Debug|Any CPU
		{485A16B4-5FDD-4829-9F87-CEE9550E613E}.Debug|Any CPU.Build.0 = Debug|Any CPU
		{485A16B4-5FDD-4829-9F87-CEE9550E613E}.Release|Any CPU.ActiveCfg = Release|Any CPU
		{485A16B4-5FDD-4829-9F87-CEE9550E613E}.Release|Any CPU.Build.0 = Release|Any CPU
		{B71802F0-D1E4-4E59-BC97-C55314A4CC0A}.Debug|Any CPU.ActiveCfg = Debug|Any CPU
		{B71802F0-D1E4-4E59-BC97-C55314A4CC0A}.Debug|Any CPU.Build.0 = Debug|Any CPU
		{B71802F0-D1E4-4E59-BC97-C55314A4CC0A}.Release|Any CPU.ActiveCfg = Release|Any CPU
		{B71802F0-D1E4-4E59-BC97-C55314A4CC0A}.Release|Any CPU.Build.0 = Release|Any CPU
		{4322E0AF-A1F7-46CF-8452-DD3C0DEF598A}.Debug|Any CPU.ActiveCfg = Debug|Any CPU
		{4322E0AF-A1F7-46CF-8452-DD3C0DEF598A}.Debug|Any CPU.Build.0 = Debug|Any CPU
		{4322E0AF-A1F7-46CF-8452-DD3C0DEF598A}.Release|Any CPU.ActiveCfg = Release|Any CPU
		{4322E0AF-A1F7-46CF-8452-DD3C0DEF598A}.Release|Any CPU.Build.0 = Release|Any CPU
		{D692CF4C-DA43-40BF-93D5-A23EB6BC4192}.Debug|Any CPU.ActiveCfg = Debug|Any CPU
		{D692CF4C-DA43-40BF-93D5-A23EB6BC4192}.Debug|Any CPU.Build.0 = Debug|Any CPU
		{D692CF4C-DA43-40BF-93D5-A23EB6BC4192}.Release|Any CPU.ActiveCfg = Release|Any CPU
		{D692CF4C-DA43-40BF-93D5-A23EB6BC4192}.Release|Any CPU.Build.0 = Release|Any CPU
		{50FBD049-96A2-46F4-BD28-22909800E5FB}.Debug|Any CPU.ActiveCfg = Debug|Any CPU
		{50FBD049-96A2-46F4-BD28-22909800E5FB}.Debug|Any CPU.Build.0 = Debug|Any CPU
		{50FBD049-96A2-46F4-BD28-22909800E5FB}.Release|Any CPU.ActiveCfg = Release|Any CPU
		{50FBD049-96A2-46F4-BD28-22909800E5FB}.Release|Any CPU.Build.0 = Release|Any CPU
		{EF54FF15-83F8-446C-A002-D3984A67E729}.Debug|Any CPU.ActiveCfg = Debug|Any CPU
		{EF54FF15-83F8-446C-A002-D3984A67E729}.Debug|Any CPU.Build.0 = Debug|Any CPU
		{EF54FF15-83F8-446C-A002-D3984A67E729}.Release|Any CPU.ActiveCfg = Release|Any CPU
		{EF54FF15-83F8-446C-A002-D3984A67E729}.Release|Any CPU.Build.0 = Release|Any CPU
		{62652E5D-BFC8-427D-B639-C6702A608028}.Debug|Any CPU.ActiveCfg = Debug|Any CPU
		{62652E5D-BFC8-427D-B639-C6702A608028}.Debug|Any CPU.Build.0 = Debug|Any CPU
		{62652E5D-BFC8-427D-B639-C6702A608028}.Release|Any CPU.ActiveCfg = Release|Any CPU
		{62652E5D-BFC8-427D-B639-C6702A608028}.Release|Any CPU.Build.0 = Release|Any CPU
		{D2DC645E-BFC5-4B19-A8C3-95B9258A91DE}.Debug|Any CPU.ActiveCfg = Debug|Any CPU
		{D2DC645E-BFC5-4B19-A8C3-95B9258A91DE}.Debug|Any CPU.Build.0 = Debug|Any CPU
		{D2DC645E-BFC5-4B19-A8C3-95B9258A91DE}.Release|Any CPU.ActiveCfg = Release|Any CPU
		{D2DC645E-BFC5-4B19-A8C3-95B9258A91DE}.Release|Any CPU.Build.0 = Release|Any CPU
		{DEFB12BA-8D5D-422D-B938-58334F219385}.Debug|Any CPU.ActiveCfg = Debug|Any CPU
		{DEFB12BA-8D5D-422D-B938-58334F219385}.Debug|Any CPU.Build.0 = Debug|Any CPU
		{DEFB12BA-8D5D-422D-B938-58334F219385}.Debug|Any CPU.Deploy.0 = Debug|Any CPU
		{DEFB12BA-8D5D-422D-B938-58334F219385}.Release|Any CPU.ActiveCfg = Release|Any CPU
		{DEFB12BA-8D5D-422D-B938-58334F219385}.Release|Any CPU.Build.0 = Release|Any CPU
		{DEFB12BA-8D5D-422D-B938-58334F219385}.Release|Any CPU.Deploy.0 = Release|Any CPU
		{B7A7971E-C292-4522-9BCA-FBC84544F92E}.Debug|Any CPU.ActiveCfg = Debug|Any CPU
		{B7A7971E-C292-4522-9BCA-FBC84544F92E}.Debug|Any CPU.Build.0 = Debug|Any CPU
		{B7A7971E-C292-4522-9BCA-FBC84544F92E}.Release|Any CPU.ActiveCfg = Release|Any CPU
		{B7A7971E-C292-4522-9BCA-FBC84544F92E}.Release|Any CPU.Build.0 = Release|Any CPU
		{F43841CF-B5B6-4A71-826A-79C0B29B6968}.Debug|Any CPU.ActiveCfg = Debug|Any CPU
		{F43841CF-B5B6-4A71-826A-79C0B29B6968}.Debug|Any CPU.Build.0 = Debug|Any CPU
		{F43841CF-B5B6-4A71-826A-79C0B29B6968}.Release|Any CPU.ActiveCfg = Release|Any CPU
		{F43841CF-B5B6-4A71-826A-79C0B29B6968}.Release|Any CPU.Build.0 = Release|Any CPU
		{B0CA7334-D45A-429F-A023-47F3244AD77E}.Debug|Any CPU.ActiveCfg = Debug|Any CPU
		{B0CA7334-D45A-429F-A023-47F3244AD77E}.Debug|Any CPU.Build.0 = Debug|Any CPU
		{B0CA7334-D45A-429F-A023-47F3244AD77E}.Release|Any CPU.ActiveCfg = Release|Any CPU
		{B0CA7334-D45A-429F-A023-47F3244AD77E}.Release|Any CPU.Build.0 = Release|Any CPU
		{EA6C26CB-512D-4057-A903-1B6DE259A9B6}.Debug|Any CPU.ActiveCfg = Debug|Any CPU
		{EA6C26CB-512D-4057-A903-1B6DE259A9B6}.Debug|Any CPU.Build.0 = Debug|Any CPU
		{EA6C26CB-512D-4057-A903-1B6DE259A9B6}.Release|Any CPU.ActiveCfg = Release|Any CPU
		{EA6C26CB-512D-4057-A903-1B6DE259A9B6}.Release|Any CPU.Build.0 = Release|Any CPU
		{7F479918-1080-4611-B87F-0E175DCF9D7F}.Debug|Any CPU.ActiveCfg = Debug|Any CPU
		{7F479918-1080-4611-B87F-0E175DCF9D7F}.Debug|Any CPU.Build.0 = Debug|Any CPU
		{7F479918-1080-4611-B87F-0E175DCF9D7F}.Release|Any CPU.ActiveCfg = Release|Any CPU
		{7F479918-1080-4611-B87F-0E175DCF9D7F}.Release|Any CPU.Build.0 = Release|Any CPU
		{E16D9CBA-EADB-4238-836B-E1E8D3D1E060}.Debug|Any CPU.ActiveCfg = Debug|Any CPU
		{E16D9CBA-EADB-4238-836B-E1E8D3D1E060}.Debug|Any CPU.Build.0 = Debug|Any CPU
		{E16D9CBA-EADB-4238-836B-E1E8D3D1E060}.Release|Any CPU.ActiveCfg = Release|Any CPU
		{E16D9CBA-EADB-4238-836B-E1E8D3D1E060}.Release|Any CPU.Build.0 = Release|Any CPU
		{1D332F55-6CF9-4BCF-B7FD-BDE40C74724C}.Debug|Any CPU.ActiveCfg = Debug|Any CPU
		{1D332F55-6CF9-4BCF-B7FD-BDE40C74724C}.Debug|Any CPU.Build.0 = Debug|Any CPU
		{1D332F55-6CF9-4BCF-B7FD-BDE40C74724C}.Release|Any CPU.ActiveCfg = Release|Any CPU
		{1D332F55-6CF9-4BCF-B7FD-BDE40C74724C}.Release|Any CPU.Build.0 = Release|Any CPU
	EndGlobalSection
	GlobalSection(SolutionProperties) = preSolution
		HideSolutionNode = FALSE
	EndGlobalSection
	GlobalSection(NestedProjects) = preSolution
		{A9967EAC-6606-4CCE-97E5-0C9E067CCD4A} = {657F29F4-DB1E-4D2B-A2FF-0D1005F06BC4}
		{D3B8DFFA-01D4-463D-B548-C87A2446C03A} = {657F29F4-DB1E-4D2B-A2FF-0D1005F06BC4}
		{94538643-9126-4CF4-A476-C742B12CA653} = {657F29F4-DB1E-4D2B-A2FF-0D1005F06BC4}
		{5B937906-8731-48E1-A725-703C934F3B0B} = {657F29F4-DB1E-4D2B-A2FF-0D1005F06BC4}
		{E1E7F830-5175-4151-9470-E8774F3DC6E8} = {657F29F4-DB1E-4D2B-A2FF-0D1005F06BC4}
		{54A0B722-89DA-4A33-A825-64203ED92D90} = {657F29F4-DB1E-4D2B-A2FF-0D1005F06BC4}
		{4E88FB89-D3AF-44AE-8C52-EB20B39AF7C8} = {657F29F4-DB1E-4D2B-A2FF-0D1005F06BC4}
		{5A7EEB46-FACA-4D14-876C-7771B9E3D05E} = {657F29F4-DB1E-4D2B-A2FF-0D1005F06BC4}
		{DDA74E41-83FF-43BE-AE96-D5CFA23BA1ED} = {657F29F4-DB1E-4D2B-A2FF-0D1005F06BC4}
		{986CF04E-CDAD-41A3-8122-11E446207D67} = {657F29F4-DB1E-4D2B-A2FF-0D1005F06BC4}
		{315BE5F5-C132-44B9-90A0-39F2E3A982E1} = {657F29F4-DB1E-4D2B-A2FF-0D1005F06BC4}
		{A4F113C7-21F9-4421-ADD2-D9A01416307B} = {657F29F4-DB1E-4D2B-A2FF-0D1005F06BC4}
		{72204224-B103-4BD5-9AFC-9C1E005A5187} = {01ED77AC-CFFA-4293-B5D8-8A87C3578FE1}
		{B238208A-24B0-4959-A91E-8537B42D4A34} = {01ED77AC-CFFA-4293-B5D8-8A87C3578FE1}
		{60D6C073-6451-4736-9474-A2B6090821E1} = {01ED77AC-CFFA-4293-B5D8-8A87C3578FE1}
		{9368D941-CA00-498F-8034-7D5ACA7C27D7} = {21806DFE-A404-45F4-B1EA-B7F191CFBEA2}
		{2DE2C334-E5B9-40C9-8D25-63F03DDDDFF9} = {01ED77AC-CFFA-4293-B5D8-8A87C3578FE1}
		{81D7C6A4-5A2A-4C6A-B1B6-13A41CF21056} = {21806DFE-A404-45F4-B1EA-B7F191CFBEA2}
		{E6064997-FD90-40CA-A5BE-53CE01E64112} = {21806DFE-A404-45F4-B1EA-B7F191CFBEA2}
		{485A16B4-5FDD-4829-9F87-CEE9550E613E} = {21806DFE-A404-45F4-B1EA-B7F191CFBEA2}
		{B71802F0-D1E4-4E59-BC97-C55314A4CC0A} = {21806DFE-A404-45F4-B1EA-B7F191CFBEA2}
		{4322E0AF-A1F7-46CF-8452-DD3C0DEF598A} = {01ED77AC-CFFA-4293-B5D8-8A87C3578FE1}
		{D692CF4C-DA43-40BF-93D5-A23EB6BC4192} = {01ED77AC-CFFA-4293-B5D8-8A87C3578FE1}
		{50FBD049-96A2-46F4-BD28-22909800E5FB} = {01ED77AC-CFFA-4293-B5D8-8A87C3578FE1}
		{EF54FF15-83F8-446C-A002-D3984A67E729} = {21806DFE-A404-45F4-B1EA-B7F191CFBEA2}
		{62652E5D-BFC8-427D-B639-C6702A608028} = {A581BE97-4F92-44ED-A163-7E17DE58DE70}
		{D2DC645E-BFC5-4B19-A8C3-95B9258A91DE} = {A581BE97-4F92-44ED-A163-7E17DE58DE70}
		{DEFB12BA-8D5D-422D-B938-58334F219385} = {C2DC2FA4-E297-4109-B774-6972B2F332B9}
		{B7A7971E-C292-4522-9BCA-FBC84544F92E} = {A581BE97-4F92-44ED-A163-7E17DE58DE70}
		{F43841CF-B5B6-4A71-826A-79C0B29B6968} = {95F6DD73-D6BD-48D2-874E-3C1F525133DB}
		{B0CA7334-D45A-429F-A023-47F3244AD77E} = {21806DFE-A404-45F4-B1EA-B7F191CFBEA2}
		{EA6C26CB-512D-4057-A903-1B6DE259A9B6} = {21806DFE-A404-45F4-B1EA-B7F191CFBEA2}
		{7F479918-1080-4611-B87F-0E175DCF9D7F} = {21806DFE-A404-45F4-B1EA-B7F191CFBEA2}
		{E16D9CBA-EADB-4238-836B-E1E8D3D1E060} = {A581BE97-4F92-44ED-A163-7E17DE58DE70}
		{1D332F55-6CF9-4BCF-B7FD-BDE40C74724C} = {A581BE97-4F92-44ED-A163-7E17DE58DE70}
	EndGlobalSection
	GlobalSection(ExtensibilityGlobals) = postSolution
		SolutionGuid = {61F7FB11-1E47-470C-91E2-47F8143E1572}
	EndGlobalSection
EndGlobal
